
Microsoft Visual Studio Solution File, Format Version 12.00
# Visual Studio Version 16
VisualStudioVersion = 16.0.31005.135
MinimumVisualStudioVersion = 10.0.40219.1
Project("{FAE04EC0-301F-11D3-BF4B-00C04F79EFBC}") = "ConsoleView", "ConsoleView\ConsoleView.csproj", "{8D5F9B69-ADB7-4D9B-9D7A-00E165079A6F}"
EndProject
Project("{FAE04EC0-301F-11D3-BF4B-00C04F79EFBC}") = "Backend", "Backend\Backend.csproj", "{39CD23A3-CD33-4884-A420-865D92A61FA1}"
EndProject
Global
	GlobalSection(SolutionConfigurationPlatforms) = preSolution
		Debug|Any CPU = Debug|Any CPU
		Release|Any CPU = Release|Any CPU
	EndGlobalSection
	GlobalSection(ProjectConfigurationPlatforms) = postSolution
		{8D5F9B69-ADB7-4D9B-9D7A-00E165079A6F}.Debug|Any CPU.ActiveCfg = Debug|Any CPU
		{8D5F9B69-ADB7-4D9B-9D7A-00E165079A6F}.Debug|Any CPU.Build.0 = Debug|Any CPU
		{8D5F9B69-ADB7-4D9B-9D7A-00E165079A6F}.Release|Any CPU.ActiveCfg = Release|Any CPU
		{8D5F9B69-ADB7-4D9B-9D7A-00E165079A6F}.Release|Any CPU.Build.0 = Release|Any CPU
		{39CD23A3-CD33-4884-A420-865D92A61FA1}.Debug|Any CPU.ActiveCfg = Debug|Any CPU
		{39CD23A3-CD33-4884-A420-865D92A61FA1}.Debug|Any CPU.Build.0 = Debug|Any CPU
		{39CD23A3-CD33-4884-A420-865D92A61FA1}.Release|Any CPU.ActiveCfg = Release|Any CPU
		{39CD23A3-CD33-4884-A420-865D92A61FA1}.Release|Any CPU.Build.0 = Release|Any CPU
	EndGlobalSection
	GlobalSection(SolutionProperties) = preSolution
		HideSolutionNode = FALSE
	EndGlobalSection
	GlobalSection(ExtensibilityGlobals) = postSolution
		SolutionGuid = {62B1DB8A-FAB2-4914-8394-131F204F3341}
	EndGlobalSection
EndGlobal
